
Microsoft Visual Studio Solution File, Format Version 12.00
# Visual Studio Version 17
VisualStudioVersion = 17.4.33110.190
MinimumVisualStudioVersion = 10.0.40219.1
Project("{FAE04EC0-301F-11D3-BF4B-00C04F79EFBC}") = "csharp-oop-shop-3", "csharp-oop-shop-3\csharp-oop-shop-3.csproj", "{9230BCAE-5C7E-42B5-917F-2FB7373C0073}"
EndProject
Global
	GlobalSection(SolutionConfigurationPlatforms) = preSolution
		Debug|Any CPU = Debug|Any CPU
		Release|Any CPU = Release|Any CPU
	EndGlobalSection
	GlobalSection(ProjectConfigurationPlatforms) = postSolution
		{9230BCAE-5C7E-42B5-917F-2FB7373C0073}.Debug|Any CPU.ActiveCfg = Debug|Any CPU
		{9230BCAE-5C7E-42B5-917F-2FB7373C0073}.Debug|Any CPU.Build.0 = Debug|Any CPU
		{9230BCAE-5C7E-42B5-917F-2FB7373C0073}.Release|Any CPU.ActiveCfg = Release|Any CPU
		{9230BCAE-5C7E-42B5-917F-2FB7373C0073}.Release|Any CPU.Build.0 = Release|Any CPU
	EndGlobalSection
	GlobalSection(SolutionProperties) = preSolution
		HideSolutionNode = FALSE
	EndGlobalSection
	GlobalSection(ExtensibilityGlobals) = postSolution
		SolutionGuid = {73BF80EF-15FE-40D2-89B1-E282D5A56AC2}
	EndGlobalSection
EndGlobal
